
Microsoft Visual Studio Solution File, Format Version 12.00
# Visual Studio 15
VisualStudioVersion = 15.0.28307.329
MinimumVisualStudioVersion = 10.0.40219.1
Project("{FAE04EC0-301F-11D3-BF4B-00C04F79EFBC}") = "Test3", "Test3\Test3.csproj", "{EA306C5A-3B5A-40BA-9A2F-D605C7D600F5}"
EndProject
Global
	GlobalSection(SolutionConfigurationPlatforms) = preSolution
		Debug|Any CPU = Debug|Any CPU
		Release|Any CPU = Release|Any CPU
	EndGlobalSection
	GlobalSection(ProjectConfigurationPlatforms) = postSolution
		{EA306C5A-3B5A-40BA-9A2F-D605C7D600F5}.Debug|Any CPU.ActiveCfg = Debug|Any CPU
		{EA306C5A-3B5A-40BA-9A2F-D605C7D600F5}.Debug|Any CPU.Build.0 = Debug|Any CPU
		{EA306C5A-3B5A-40BA-9A2F-D605C7D600F5}.Release|Any CPU.ActiveCfg = Release|Any CPU
		{EA306C5A-3B5A-40BA-9A2F-D605C7D600F5}.Release|Any CPU.Build.0 = Release|Any CPU
	EndGlobalSection
	GlobalSection(SolutionProperties) = preSolution
		HideSolutionNode = FALSE
	EndGlobalSection
	GlobalSection(ExtensibilityGlobals) = postSolution
		SolutionGuid = {1E3F2A70-7DFF-4EC2-A325-944F5098A6D9}
	EndGlobalSection
EndGlobal
